{
  "name": "hexo-theme-monie",
  "version": "1.3.4",
  "lockfileVersion": 2,
  "requires": true,
  "packages": {
    "": {
      "name": "hexo-theme-monie",
      "version": "1.3.4",
      "license": "MIT",
      "dependencies": {
        "hexo-theme-monie": "^1.3.4"
      }
    },
    "node_modules/hexo-theme-monie": {
      "version": "1.3.4",
      "resolved": "https://registry.npmjs.org/hexo-theme-monie/-/hexo-theme-monie-1.3.4.tgz",
      "integrity": "sha512-l/6YYgB7ggtJiS5qSHAgsgkeqZgVEVH7dh8DXv+y/kHuPgUvdMHielwIq4ZRVgNIeaWzWumih8gTVaqhV/Nw1Q=="
    }
  },
  "dependencies": {
    "hexo-theme-monie": {
      "version": "1.3.4",
      "resolved": "https://registry.npmjs.org/hexo-theme-monie/-/hexo-theme-monie-1.3.4.tgz",
      "integrity": "sha512-l/6YYgB7ggtJiS5qSHAgsgkeqZgVEVH7dh8DXv+y/kHuPgUvdMHielwIq4ZRVgNIeaWzWumih8gTVaqhV/Nw1Q=="
    }
  }
}
